// !$*UTF8*$!
{
	archiveVersion = 1;
	classes = {
	};
	objectVersion = 56;
	objects = {

/* Begin PBXBuildFile section */
		7E1489D32ADE370900276EAD /* main.swift in Sources */ = {isa = PBXBuildFile; fileRef = 7E1489D22ADE370900276EAD /* main.swift */; };
		7E3DBBB12AF80498006D4EC6 /* Repeated-String.swift in Sources */ = {isa = PBXBuildFile; fileRef = 7E3DBBB02AF80498006D4EC6 /* Repeated-String.swift */; };
		7E3DBBB32AF806C7006D4EC6 /* Stickers-word.swift in Sources */ = {isa = PBXBuildFile; fileRef = 7E3DBBB22AF806C7006D4EC6 /* Stickers-word.swift */; };
		7E3DBBB52AF80CF6006D4EC6 /* Frequent-words.swift in Sources */ = {isa = PBXBuildFile; fileRef = 7E3DBBB42AF80CF6006D4EC6 /* Frequent-words.swift */; };
		7E3DBBB72AF80ECE006D4EC6 /* Subsets.swift in Sources */ = {isa = PBXBuildFile; fileRef = 7E3DBBB62AF80ECE006D4EC6 /* Subsets.swift */; };
		7E50C2712AE61ADD0081AEBE /* ShortestUnsortedSubarray.swift in Sources */ = {isa = PBXBuildFile; fileRef = 7E50C2702AE61ADD0081AEBE /* ShortestUnsortedSubarray.swift */; };
		7E50C2732AE61E1F0081AEBE /* DeleteOperation.swift in Sources */ = {isa = PBXBuildFile; fileRef = 7E50C2722AE61E1F0081AEBE /* DeleteOperation.swift */; };
		7E50C2752AE622640081AEBE /* ValidSquare.swift in Sources */ = {isa = PBXBuildFile; fileRef = 7E50C2742AE622630081AEBE /* ValidSquare.swift */; };
		7E50C2772AE624DD0081AEBE /* SumSquareNumbers.swift in Sources */ = {isa = PBXBuildFile; fileRef = 7E50C2762AE624DD0081AEBE /* SumSquareNumbers.swift */; };
		7E50C2792AE6254D0081AEBE /* SolveEquation.swift in Sources */ = {isa = PBXBuildFile; fileRef = 7E50C2782AE6254D0081AEBE /* SolveEquation.swift */; };
		7E50C27B2AE635F30081AEBE /* ClosestElement.swift in Sources */ = {isa = PBXBuildFile; fileRef = 7E50C27A2AE635F30081AEBE /* ClosestElement.swift */; };
		7E50C27D2AE636750081AEBE /* SumPairs.swift in Sources */ = {isa = PBXBuildFile; fileRef = 7E50C27C2AE636750081AEBE /* SumPairs.swift */; };
		7E50C27F2AE636DD0081AEBE /* ParenthesisString.swift in Sources */ = {isa = PBXBuildFile; fileRef = 7E50C27E2AE636DD0081AEBE /* ParenthesisString.swift */; };
		7E50C2812AF01C2B0081AEBE /* RedundantConnection.swift in Sources */ = {isa = PBXBuildFile; fileRef = 7E50C2802AF01C2B0081AEBE /* RedundantConnection.swift */; };
		7E9D73E12AE4B3F100B1C9B0 /* PartitionLabels.swift in Sources */ = {isa = PBXBuildFile; fileRef = 7E9D73E02AE4B3F100B1C9B0 /* PartitionLabels.swift */; };
		7E9D73E32AE4B44D00B1C9B0 /* TaskScheduler.swift in Sources */ = {isa = PBXBuildFile; fileRef = 7E9D73E22AE4B44D00B1C9B0 /* TaskScheduler.swift */; };
		7E9D73E52AE4B5DF00B1C9B0 /* GasStation.swift in Sources */ = {isa = PBXBuildFile; fileRef = 7E9D73E42AE4B5DF00B1C9B0 /* GasStation.swift */; };
		7E9D73E72AE4B62700B1C9B0 /* TwoCityScheduling.swift in Sources */ = {isa = PBXBuildFile; fileRef = 7E9D73E62AE4B62700B1C9B0 /* TwoCityScheduling.swift */; };
		7E9D73E92AE4B6E800B1C9B0 /* DesignCircularQueue.swift in Sources */ = {isa = PBXBuildFile; fileRef = 7E9D73E82AE4B6E800B1C9B0 /* DesignCircularQueue.swift */; };
		7E9D73EB2AE4B81500B1C9B0 /* MaximumAverageSubarray.swift in Sources */ = {isa = PBXBuildFile; fileRef = 7E9D73EA2AE4B81500B1C9B0 /* MaximumAverageSubarray.swift */; };
/* End PBXBuildFile section */

/* Begin PBXCopyFilesBuildPhase section */
		7E1489CD2ADE370900276EAD /* CopyFiles */ = {
			isa = PBXCopyFilesBuildPhase;
			buildActionMask = 2147483647;
			dstPath = /usr/share/man/man1/;
			dstSubfolderSpec = 0;
			files = (
			);
			runOnlyForDeploymentPostprocessing = 1;
		};
/* End PBXCopyFilesBuildPhase section */

/* Begin PBXFileReference section */
		7E1489CF2ADE370900276EAD /* LeetCode */ = {isa = PBXFileReference; explicitFileType = "compiled.mach-o.executable"; includeInIndex = 0; path = LeetCode; sourceTree = BUILT_PRODUCTS_DIR; };
		7E1489D22ADE370900276EAD /* main.swift */ = {isa = PBXFileReference; lastKnownFileType = sourcecode.swift; path = main.swift; sourceTree = "<group>"; };
		7E3DBBB02AF80498006D4EC6 /* Repeated-String.swift */ = {isa = PBXFileReference; lastKnownFileType = sourcecode.swift; path = "Repeated-String.swift"; sourceTree = "<group>"; };
		7E3DBBB22AF806C7006D4EC6 /* Stickers-word.swift */ = {isa = PBXFileReference; lastKnownFileType = sourcecode.swift; path = "Stickers-word.swift"; sourceTree = "<group>"; };
		7E3DBBB42AF80CF6006D4EC6 /* Frequent-words.swift */ = {isa = PBXFileReference; lastKnownFileType = sourcecode.swift; path = "Frequent-words.swift"; sourceTree = "<group>"; };
		7E3DBBB62AF80ECE006D4EC6 /* Subsets.swift */ = {isa = PBXFileReference; lastKnownFileType = sourcecode.swift; path = Subsets.swift; sourceTree = "<group>"; };
		7E50C2702AE61ADD0081AEBE /* ShortestUnsortedSubarray.swift */ = {isa = PBXFileReference; lastKnownFileType = sourcecode.swift; path = ShortestUnsortedSubarray.swift; sourceTree = "<group>"; };
		7E50C2722AE61E1F0081AEBE /* DeleteOperation.swift */ = {isa = PBXFileReference; lastKnownFileType = sourcecode.swift; path = DeleteOperation.swift; sourceTree = "<group>"; };
		7E50C2742AE622630081AEBE /* ValidSquare.swift */ = {isa = PBXFileReference; lastKnownFileType = sourcecode.swift; path = ValidSquare.swift; sourceTree = "<group>"; };
		7E50C2762AE624DD0081AEBE /* SumSquareNumbers.swift */ = {isa = PBXFileReference; lastKnownFileType = sourcecode.swift; path = SumSquareNumbers.swift; sourceTree = "<group>"; };
		7E50C2782AE6254D0081AEBE /* SolveEquation.swift */ = {isa = PBXFileReference; lastKnownFileType = sourcecode.swift; path = SolveEquation.swift; sourceTree = "<group>"; };
		7E50C27A2AE635F30081AEBE /* ClosestElement.swift */ = {isa = PBXFileReference; lastKnownFileType = sourcecode.swift; path = ClosestElement.swift; sourceTree = "<group>"; };
		7E50C27C2AE636750081AEBE /* SumPairs.swift */ = {isa = PBXFileReference; lastKnownFileType = sourcecode.swift; path = SumPairs.swift; sourceTree = "<group>"; };
		7E50C27E2AE636DD0081AEBE /* ParenthesisString.swift */ = {isa = PBXFileReference; lastKnownFileType = sourcecode.swift; path = ParenthesisString.swift; sourceTree = "<group>"; };
		7E50C2802AF01C2B0081AEBE /* RedundantConnection.swift */ = {isa = PBXFileReference; lastKnownFileType = sourcecode.swift; path = RedundantConnection.swift; sourceTree = "<group>"; };
		7E9D73E02AE4B3F100B1C9B0 /* PartitionLabels.swift */ = {isa = PBXFileReference; lastKnownFileType = sourcecode.swift; path = PartitionLabels.swift; sourceTree = "<group>"; };
		7E9D73E22AE4B44D00B1C9B0 /* TaskScheduler.swift */ = {isa = PBXFileReference; lastKnownFileType = sourcecode.swift; path = TaskScheduler.swift; sourceTree = "<group>"; };
		7E9D73E42AE4B5DF00B1C9B0 /* GasStation.swift */ = {isa = PBXFileReference; lastKnownFileType = sourcecode.swift; path = GasStation.swift; sourceTree = "<group>"; };
		7E9D73E62AE4B62700B1C9B0 /* TwoCityScheduling.swift */ = {isa = PBXFileReference; lastKnownFileType = sourcecode.swift; path = TwoCityScheduling.swift; sourceTree = "<group>"; };
		7E9D73E82AE4B6E800B1C9B0 /* DesignCircularQueue.swift */ = {isa = PBXFileReference; lastKnownFileType = sourcecode.swift; path = DesignCircularQueue.swift; sourceTree = "<group>"; };
		7E9D73EA2AE4B81500B1C9B0 /* MaximumAverageSubarray.swift */ = {isa = PBXFileReference; lastKnownFileType = sourcecode.swift; path = MaximumAverageSubarray.swift; sourceTree = "<group>"; };
/* End PBXFileReference section */

/* Begin PBXFrameworksBuildPhase section */
		7E1489CC2ADE370900276EAD /* Frameworks */ = {
			isa = PBXFrameworksBuildPhase;
			buildActionMask = 2147483647;
			files = (
			);
			runOnlyForDeploymentPostprocessing = 0;
		};
/* End PBXFrameworksBuildPhase section */

/* Begin PBXGroup section */
		7E1489C62ADE370900276EAD = {
			isa = PBXGroup;
			children = (
				7E1489D12ADE370900276EAD /* LeetCode */,
				7E1489D02ADE370900276EAD /* Products */,
			);
			sourceTree = "<group>";
		};
		7E1489D02ADE370900276EAD /* Products */ = {
			isa = PBXGroup;
			children = (
				7E1489CF2ADE370900276EAD /* LeetCode */,
			);
			name = Products;
			sourceTree = "<group>";
		};
		7E1489D12ADE370900276EAD /* LeetCode */ = {
			isa = PBXGroup;
			children = (
				7E1489D22ADE370900276EAD /* main.swift */,
				7E9D73E02AE4B3F100B1C9B0 /* PartitionLabels.swift */,
				7E9D73E22AE4B44D00B1C9B0 /* TaskScheduler.swift */,
				7E9D73E42AE4B5DF00B1C9B0 /* GasStation.swift */,
				7E9D73E62AE4B62700B1C9B0 /* TwoCityScheduling.swift */,
				7E9D73E82AE4B6E800B1C9B0 /* DesignCircularQueue.swift */,
				7E9D73EA2AE4B81500B1C9B0 /* MaximumAverageSubarray.swift */,
				7E50C2702AE61ADD0081AEBE /* ShortestUnsortedSubarray.swift */,
				7E50C2722AE61E1F0081AEBE /* DeleteOperation.swift */,
				7E50C2742AE622630081AEBE /* ValidSquare.swift */,
				7E50C2762AE624DD0081AEBE /* SumSquareNumbers.swift */,
				7E50C2782AE6254D0081AEBE /* SolveEquation.swift */,
				7E50C27A2AE635F30081AEBE /* ClosestElement.swift */,
				7E50C27C2AE636750081AEBE /* SumPairs.swift */,
				7E50C27E2AE636DD0081AEBE /* ParenthesisString.swift */,
				7E50C2802AF01C2B0081AEBE /* RedundantConnection.swift */,
				7E3DBBB02AF80498006D4EC6 /* Repeated-String.swift */,
				7E3DBBB22AF806C7006D4EC6 /* Stickers-word.swift */,
				7E3DBBB42AF80CF6006D4EC6 /* Frequent-words.swift */,
				7E3DBBB62AF80ECE006D4EC6 /* Subsets.swift */,
			);
			path = LeetCode;
			sourceTree = "<group>";
		};
/* End PBXGroup section */

/* Begin PBXNativeTarget section */
		7E1489CE2ADE370900276EAD /* LeetCode */ = {
			isa = PBXNativeTarget;
			buildConfigurationList = 7E1489D62ADE370900276EAD /* Build configuration list for PBXNativeTarget "LeetCode" */;
			buildPhases = (
				7E1489CB2ADE370900276EAD /* Sources */,
				7E1489CC2ADE370900276EAD /* Frameworks */,
				7E1489CD2ADE370900276EAD /* CopyFiles */,
			);
			buildRules = (
			);
			dependencies = (
			);
			name = LeetCode;
			productName = LeetCode;
			productReference = 7E1489CF2ADE370900276EAD /* LeetCode */;
			productType = "com.apple.product-type.tool";
		};
/* End PBXNativeTarget section */

/* Begin PBXProject section */
		7E1489C72ADE370900276EAD /* Project object */ = {
			isa = PBXProject;
			attributes = {
				BuildIndependentTargetsInParallel = 1;
				LastSwiftUpdateCheck = 1500;
				LastUpgradeCheck = 1500;
				TargetAttributes = {
					7E1489CE2ADE370900276EAD = {
						CreatedOnToolsVersion = 15.0;
					};
				};
			};
			buildConfigurationList = 7E1489CA2ADE370900276EAD /* Build configuration list for PBXProject "LeetCode" */;
			compatibilityVersion = "Xcode 14.0";
			developmentRegion = en;
			hasScannedForEncodings = 0;
			knownRegions = (
				en,
				Base,
			);
			mainGroup = 7E1489C62ADE370900276EAD;
			productRefGroup = 7E1489D02ADE370900276EAD /* Products */;
			projectDirPath = "";
			projectRoot = "";
			targets = (
				7E1489CE2ADE370900276EAD /* LeetCode */,
			);
		};
/* End PBXProject section */

/* Begin PBXSourcesBuildPhase section */
		7E1489CB2ADE370900276EAD /* Sources */ = {
			isa = PBXSourcesBuildPhase;
			buildActionMask = 2147483647;
			files = (
				7E3DBBB52AF80CF6006D4EC6 /* Frequent-words.swift in Sources */,
				7E3DBBB72AF80ECE006D4EC6 /* Subsets.swift in Sources */,
				7E9D73EB2AE4B81500B1C9B0 /* MaximumAverageSubarray.swift in Sources */,
				7E50C27B2AE635F30081AEBE /* ClosestElement.swift in Sources */,
				7E50C2792AE6254D0081AEBE /* SolveEquation.swift in Sources */,
				7E50C27D2AE636750081AEBE /* SumPairs.swift in Sources */,
				7E9D73E52AE4B5DF00B1C9B0 /* GasStation.swift in Sources */,
				7E3DBBB32AF806C7006D4EC6 /* Stickers-word.swift in Sources */,
				7E50C2712AE61ADD0081AEBE /* ShortestUnsortedSubarray.swift in Sources */,
				7E1489D32ADE370900276EAD /* main.swift in Sources */,
				7E50C27F2AE636DD0081AEBE /* ParenthesisString.swift in Sources */,
				7E50C2732AE61E1F0081AEBE /* DeleteOperation.swift in Sources */,
				7E3DBBB12AF80498006D4EC6 /* Repeated-String.swift in Sources */,
				7E50C2812AF01C2B0081AEBE /* RedundantConnection.swift in Sources */,
				7E9D73E92AE4B6E800B1C9B0 /* DesignCircularQueue.swift in Sources */,
				7E9D73E72AE4B62700B1C9B0 /* TwoCityScheduling.swift in Sources */,
				7E50C2752AE622640081AEBE /* ValidSquare.swift in Sources */,
				7E9D73E32AE4B44D00B1C9B0 /* TaskScheduler.swift in Sources */,
				7E50C2772AE624DD0081AEBE /* SumSquareNumbers.swift in Sources */,
				7E9D73E12AE4B3F100B1C9B0 /* PartitionLabels.swift in Sources */,
			);
			runOnlyForDeploymentPostprocessing = 0;
		};
/* End PBXSourcesBuildPhase section */

/* Begin XCBuildConfiguration section */
		7E1489D42ADE370900276EAD /* Debug */ = {
			isa = XCBuildConfiguration;
			buildSettings = {
				ALWAYS_SEARCH_USER_PATHS = NO;
				ASSETCATALOG_COMPILER_GENERATE_SWIFT_ASSET_SYMBOL_EXTENSIONS = YES;
				CLANG_ANALYZER_NONNULL = YES;
				CLANG_ANALYZER_NUMBER_OBJECT_CONVERSION = YES_AGGRESSIVE;
				CLANG_CXX_LANGUAGE_STANDARD = "gnu++20";
				CLANG_ENABLE_MODULES = YES;
				CLANG_ENABLE_OBJC_ARC = YES;
				CLANG_ENABLE_OBJC_WEAK = YES;
				CLANG_WARN_BLOCK_CAPTURE_AUTORELEASING = YES;
				CLANG_WARN_BOOL_CONVERSION = YES;
				CLANG_WARN_COMMA = YES;
				CLANG_WARN_CONSTANT_CONVERSION = YES;
				CLANG_WARN_DEPRECATED_OBJC_IMPLEMENTATIONS = YES;
				CLANG_WARN_DIRECT_OBJC_ISA_USAGE = YES_ERROR;
				CLANG_WARN_DOCUMENTATION_COMMENTS = YES;
				CLANG_WARN_EMPTY_BODY = YES;
				CLANG_WARN_ENUM_CONVERSION = YES;
				CLANG_WARN_INFINITE_RECURSION = YES;
				CLANG_WARN_INT_CONVERSION = YES;
				CLANG_WARN_NON_LITERAL_NULL_CONVERSION = YES;
				CLANG_WARN_OBJC_IMPLICIT_RETAIN_SELF = YES;
				CLANG_WARN_OBJC_LITERAL_CONVERSION = YES;
				CLANG_WARN_OBJC_ROOT_CLASS = YES_ERROR;
				CLANG_WARN_QUOTED_INCLUDE_IN_FRAMEWORK_HEADER = YES;
				CLANG_WARN_RANGE_LOOP_ANALYSIS = YES;
				CLANG_WARN_STRICT_PROTOTYPES = YES;
				CLANG_WARN_SUSPICIOUS_MOVE = YES;
				CLANG_WARN_UNGUARDED_AVAILABILITY = YES_AGGRESSIVE;
				CLANG_WARN_UNREACHABLE_CODE = YES;
				CLANG_WARN__DUPLICATE_METHOD_MATCH = YES;
				COPY_PHASE_STRIP = NO;
				DEBUG_INFORMATION_FORMAT = dwarf;
				ENABLE_STRICT_OBJC_MSGSEND = YES;
				ENABLE_TESTABILITY = YES;
				ENABLE_USER_SCRIPT_SANDBOXING = YES;
				GCC_C_LANGUAGE_STANDARD = gnu17;
				GCC_DYNAMIC_NO_PIC = NO;
				GCC_NO_COMMON_BLOCKS = YES;
				GCC_OPTIMIZATION_LEVEL = 0;
				GCC_PREPROCESSOR_DEFINITIONS = (
					"DEBUG=1",
					"$(inherited)",
				);
				GCC_WARN_64_TO_32_BIT_CONVERSION = YES;
				GCC_WARN_ABOUT_RETURN_TYPE = YES_ERROR;
				GCC_WARN_UNDECLARED_SELECTOR = YES;
				GCC_WARN_UNINITIALIZED_AUTOS = YES_AGGRESSIVE;
				GCC_WARN_UNUSED_FUNCTION = YES;
				GCC_WARN_UNUSED_VARIABLE = YES;
				LOCALIZATION_PREFERS_STRING_CATALOGS = YES;
				MACOSX_DEPLOYMENT_TARGET = 13.6;
				MTL_ENABLE_DEBUG_INFO = INCLUDE_SOURCE;
				MTL_FAST_MATH = YES;
				ONLY_ACTIVE_ARCH = YES;
				SDKROOT = macosx;
				SWIFT_ACTIVE_COMPILATION_CONDITIONS = "DEBUG $(inherited)";
				SWIFT_OPTIMIZATION_LEVEL = "-Onone";
			};
			name = Debug;
		};
		7E1489D52ADE370900276EAD /* Release */ = {
			isa = XCBuildConfiguration;
			buildSettings = {
				ALWAYS_SEARCH_USER_PATHS = NO;
				ASSETCATALOG_COMPILER_GENERATE_SWIFT_ASSET_SYMBOL_EXTENSIONS = YES;
				CLANG_ANALYZER_NONNULL = YES;
				CLANG_ANALYZER_NUMBER_OBJECT_CONVERSION = YES_AGGRESSIVE;
				CLANG_CXX_LANGUAGE_STANDARD = "gnu++20";
				CLANG_ENABLE_MODULES = YES;
				CLANG_ENABLE_OBJC_ARC = YES;
				CLANG_ENABLE_OBJC_WEAK = YES;
				CLANG_WARN_BLOCK_CAPTURE_AUTORELEASING = YES;
				CLANG_WARN_BOOL_CONVERSION = YES;
				CLANG_WARN_COMMA = YES;
				CLANG_WARN_CONSTANT_CONVERSION = YES;
				CLANG_WARN_DEPRECATED_OBJC_IMPLEMENTATIONS = YES;
				CLANG_WARN_DIRECT_OBJC_ISA_USAGE = YES_ERROR;
				CLANG_WARN_DOCUMENTATION_COMMENTS = YES;
				CLANG_WARN_EMPTY_BODY = YES;
				CLANG_WARN_ENUM_CONVERSION = YES;
				CLANG_WARN_INFINITE_RECURSION = YES;
				CLANG_WARN_INT_CONVERSION = YES;
				CLANG_WARN_NON_LITERAL_NULL_CONVERSION = YES;
				CLANG_WARN_OBJC_IMPLICIT_RETAIN_SELF = YES;
				CLANG_WARN_OBJC_LITERAL_CONVERSION = YES;
				CLANG_WARN_OBJC_ROOT_CLASS = YES_ERROR;
				CLANG_WARN_QUOTED_INCLUDE_IN_FRAMEWORK_HEADER = YES;
				CLANG_WARN_RANGE_LOOP_ANALYSIS = YES;
				CLANG_WARN_STRICT_PROTOTYPES = YES;
				CLANG_WARN_SUSPICIOUS_MOVE = YES;
				CLANG_WARN_UNGUARDED_AVAILABILITY = YES_AGGRESSIVE;
				CLANG_WARN_UNREACHABLE_CODE = YES;
				CLANG_WARN__DUPLICATE_METHOD_MATCH = YES;
				COPY_PHASE_STRIP = NO;
				DEBUG_INFORMATION_FORMAT = "dwarf-with-dsym";
				ENABLE_NS_ASSERTIONS = NO;
				ENABLE_STRICT_OBJC_MSGSEND = YES;
				ENABLE_USER_SCRIPT_SANDBOXING = YES;
				GCC_C_LANGUAGE_STANDARD = gnu17;
				GCC_NO_COMMON_BLOCKS = YES;
				GCC_WARN_64_TO_32_BIT_CONVERSION = YES;
				GCC_WARN_ABOUT_RETURN_TYPE = YES_ERROR;
				GCC_WARN_UNDECLARED_SELECTOR = YES;
				GCC_WARN_UNINITIALIZED_AUTOS = YES_AGGRESSIVE;
				GCC_WARN_UNUSED_FUNCTION = YES;
				GCC_WARN_UNUSED_VARIABLE = YES;
				LOCALIZATION_PREFERS_STRING_CATALOGS = YES;
				MACOSX_DEPLOYMENT_TARGET = 13.6;
				MTL_ENABLE_DEBUG_INFO = NO;
				MTL_FAST_MATH = YES;
				SDKROOT = macosx;
				SWIFT_COMPILATION_MODE = wholemodule;
			};
			name = Release;
		};
		7E1489D72ADE370900276EAD /* Debug */ = {
			isa = XCBuildConfiguration;
			buildSettings = {
				CODE_SIGN_STYLE = Automatic;
				DEVELOPMENT_TEAM = L9F26C48LT;
				ENABLE_HARDENED_RUNTIME = YES;
				PRODUCT_NAME = "$(TARGET_NAME)";
				SWIFT_VERSION = 5.0;
			};
			name = Debug;
		};
		7E1489D82ADE370900276EAD /* Release */ = {
			isa = XCBuildConfiguration;
			buildSettings = {
				CODE_SIGN_STYLE = Automatic;
				DEVELOPMENT_TEAM = L9F26C48LT;
				ENABLE_HARDENED_RUNTIME = YES;
				PRODUCT_NAME = "$(TARGET_NAME)";
				SWIFT_VERSION = 5.0;
			};
			name = Release;
		};
/* End XCBuildConfiguration section */

/* Begin XCConfigurationList section */
		7E1489CA2ADE370900276EAD /* Build configuration list for PBXProject "LeetCode" */ = {
			isa = XCConfigurationList;
			buildConfigurations = (
				7E1489D42ADE370900276EAD /* Debug */,
				7E1489D52ADE370900276EAD /* Release */,
			);
			defaultConfigurationIsVisible = 0;
			defaultConfigurationName = Release;
		};
		7E1489D62ADE370900276EAD /* Build configuration list for PBXNativeTarget "LeetCode" */ = {
			isa = XCConfigurationList;
			buildConfigurations = (
				7E1489D72ADE370900276EAD /* Debug */,
				7E1489D82ADE370900276EAD /* Release */,
			);
			defaultConfigurationIsVisible = 0;
			defaultConfigurationName = Release;
		};
/* End XCConfigurationList section */
	};
	rootObject = 7E1489C72ADE370900276EAD /* Project object */;
}
